
Microsoft Visual Studio Solution File, Format Version 12.00
# Visual Studio Version 16
VisualStudioVersion = 16.0.31025.218
MinimumVisualStudioVersion = 10.0.40219.1
Project("{FAE04EC0-301F-11D3-BF4B-00C04F79EFBC}") = "SonarAnalyzersRules", "SonarAnalyzersRules\SonarAnalyzersRules.csproj", "{3BC12115-B053-4841-A5F6-E22B16B954F7}"
EndProject
Project("{2150E333-8FDC-42A3-9474-1A3956D46DE8}") = "Solution Items", "Solution Items", "{417DF96E-75DB-4C64-8C38-B9EBFC048560}"
	ProjectSection(SolutionItems) = preProject
		.editorconfig = .editorconfig
	EndProjectSection
EndProject
Global
	GlobalSection(SolutionConfigurationPlatforms) = preSolution
		Debug|Any CPU = Debug|Any CPU
		Release|Any CPU = Release|Any CPU
	EndGlobalSection
	GlobalSection(ProjectConfigurationPlatforms) = postSolution
		{3BC12115-B053-4841-A5F6-E22B16B954F7}.Debug|Any CPU.ActiveCfg = Debug|Any CPU
		{3BC12115-B053-4841-A5F6-E22B16B954F7}.Debug|Any CPU.Build.0 = Debug|Any CPU
		{3BC12115-B053-4841-A5F6-E22B16B954F7}.Release|Any CPU.ActiveCfg = Release|Any CPU
		{3BC12115-B053-4841-A5F6-E22B16B954F7}.Release|Any CPU.Build.0 = Release|Any CPU
	EndGlobalSection
	GlobalSection(SolutionProperties) = preSolution
		HideSolutionNode = FALSE
	EndGlobalSection
	GlobalSection(ExtensibilityGlobals) = postSolution
		SolutionGuid = {3F46F607-EBAC-4881-8D9C-49570466D6DC}
	EndGlobalSection
EndGlobal
